
Microsoft Visual Studio Solution File, Format Version 12.00
# Visual Studio Version 16
VisualStudioVersion = 16.0.30523.141
MinimumVisualStudioVersion = 10.0.40219.1
Project("{FAE04EC0-301F-11D3-BF4B-00C04F79EFBC}") = "WindowsFormsApp3", "WindowsFormsApp3.csproj", "{FA77DC68-B925-4868-A43E-B2D6CEBF2D56}"
EndProject
Global
	GlobalSection(SolutionConfigurationPlatforms) = preSolution
		Debug|Any CPU = Debug|Any CPU
		Release|Any CPU = Release|Any CPU
	EndGlobalSection
	GlobalSection(ProjectConfigurationPlatforms) = postSolution
		{FA77DC68-B925-4868-A43E-B2D6CEBF2D56}.Debug|Any CPU.ActiveCfg = Debug|Any CPU
		{FA77DC68-B925-4868-A43E-B2D6CEBF2D56}.Debug|Any CPU.Build.0 = Debug|Any CPU
		{FA77DC68-B925-4868-A43E-B2D6CEBF2D56}.Release|Any CPU.ActiveCfg = Release|Any CPU
		{FA77DC68-B925-4868-A43E-B2D6CEBF2D56}.Release|Any CPU.Build.0 = Release|Any CPU
	EndGlobalSection
	GlobalSection(SolutionProperties) = preSolution
		HideSolutionNode = FALSE
	EndGlobalSection
	GlobalSection(ExtensibilityGlobals) = postSolution
		SolutionGuid = {9366B99E-CFED-4B85-9DA1-461F5265267F}
	EndGlobalSection
EndGlobal
